
Microsoft Visual Studio Solution File, Format Version 12.00
# Visual Studio 14
VisualStudioVersion = 14.0.25123.0
MinimumVisualStudioVersion = 10.0.40219.1
Project("{2150E333-8FDC-42A3-9474-1A3956D46DE8}") = "Client", "Client", "{45299CE1-D69E-4B1C-9C3B-59F822590EEA}"
EndProject
Project("{2150E333-8FDC-42A3-9474-1A3956D46DE8}") = "Server", "Server", "{B203AD03-D45C-4763-8CFB-910FA3AA8ADD}"
EndProject
Project("{FAE04EC0-301F-11D3-BF4B-00C04F79EFBC}") = "WJ.MovieWorld.Client", "Client\WJ.Cinema.Client\WJ.MovieWorld.Client.csproj", "{E95DC884-6E02-4C86-8A58-DDE9A634D79D}"
EndProject
Project("{2150E333-8FDC-42A3-9474-1A3956D46DE8}") = "API", "API", "{A4C0685F-89DB-4174-97AB-718EA45A77C1}"
EndProject
Project("{2150E333-8FDC-42A3-9474-1A3956D46DE8}") = "Core", "Core", "{C7DE04B8-4014-47FC-8BA3-BCE5D183E69B}"
EndProject
Project("{FAE04EC0-301F-11D3-BF4B-00C04F79EFBC}") = "WJ.MovieWorld.API", "Server\API\WJ.MovieWorld.API\WJ.MovieWorld.API.csproj", "{4384F607-A3CD-4D77-906E-6F142062CA9A}"
EndProject
Project("{FAE04EC0-301F-11D3-BF4B-00C04F79EFBC}") = "WJ.MovieWorld.Data", "Server\Core\WJ.MovieWorld.Data\WJ.MovieWorld.Data.csproj", "{A56A795E-5681-4D0B-B358-CD630EF618D5}"
EndProject
Project("{FAE04EC0-301F-11D3-BF4B-00C04F79EFBC}") = "WJ.MovieWorld.Data.Contracts", "Server\Core\WJ.MovieWorld.Data.Contracts\WJ.MovieWorld.Data.Contracts.csproj", "{0F08018C-FE1D-474C-8FEB-B99FFB24C655}"
EndProject
Project("{FAE04EC0-301F-11D3-BF4B-00C04F79EFBC}") = "WJ.MovieWorld.Models", "Server\Core\WJ.MovieWorld.Models\WJ.MovieWorld.Models.csproj", "{80E0EC65-F408-4A51-9C3A-82D5699296D4}"
EndProject
Project("{FAE04EC0-301F-11D3-BF4B-00C04F79EFBC}") = "WJ.MovieWorld.Service", "Server\Core\WJ.MovieWorld.Service\WJ.MovieWorld.Service.csproj", "{B150D7A7-98CB-4552-A58B-92CB68FD86C0}"
EndProject
Project("{FAE04EC0-301F-11D3-BF4B-00C04F79EFBC}") = "WJ.MovieWorld.Service.Contracts", "Server\Core\WJ.MovieWorld.Service.Contracts\WJ.MovieWorld.Service.Contracts.csproj", "{8D984DA4-4692-4F20-B8BE-B1A96418191E}"
EndProject
Project("{FAE04EC0-301F-11D3-BF4B-00C04F79EFBC}") = "WJ.MovieWorld.Utilities", "Server\Core\WJ.MovieWorld.Utilities\WJ.MovieWorld.Utilities.csproj", "{0ED994BE-E0A3-4E3A-B5C3-2D7CFF08C072}"
EndProject
Global
	GlobalSection(SolutionConfigurationPlatforms) = preSolution
		Debug|Any CPU = Debug|Any CPU
		Release|Any CPU = Release|Any CPU
	EndGlobalSection
	GlobalSection(ProjectConfigurationPlatforms) = postSolution
		{E95DC884-6E02-4C86-8A58-DDE9A634D79D}.Debug|Any CPU.ActiveCfg = Debug|Any CPU
		{E95DC884-6E02-4C86-8A58-DDE9A634D79D}.Debug|Any CPU.Build.0 = Debug|Any CPU
		{E95DC884-6E02-4C86-8A58-DDE9A634D79D}.Release|Any CPU.ActiveCfg = Release|Any CPU
		{E95DC884-6E02-4C86-8A58-DDE9A634D79D}.Release|Any CPU.Build.0 = Release|Any CPU
		{4384F607-A3CD-4D77-906E-6F142062CA9A}.Debug|Any CPU.ActiveCfg = Debug|Any CPU
		{4384F607-A3CD-4D77-906E-6F142062CA9A}.Debug|Any CPU.Build.0 = Debug|Any CPU
		{4384F607-A3CD-4D77-906E-6F142062CA9A}.Release|Any CPU.ActiveCfg = Release|Any CPU
		{4384F607-A3CD-4D77-906E-6F142062CA9A}.Release|Any CPU.Build.0 = Release|Any CPU
		{A56A795E-5681-4D0B-B358-CD630EF618D5}.Debug|Any CPU.ActiveCfg = Debug|Any CPU
		{A56A795E-5681-4D0B-B358-CD630EF618D5}.Debug|Any CPU.Build.0 = Debug|Any CPU
		{A56A795E-5681-4D0B-B358-CD630EF618D5}.Release|Any CPU.ActiveCfg = Release|Any CPU
		{A56A795E-5681-4D0B-B358-CD630EF618D5}.Release|Any CPU.Build.0 = Release|Any CPU
		{0F08018C-FE1D-474C-8FEB-B99FFB24C655}.Debug|Any CPU.ActiveCfg = Debug|Any CPU
		{0F08018C-FE1D-474C-8FEB-B99FFB24C655}.Debug|Any CPU.Build.0 = Debug|Any CPU
		{0F08018C-FE1D-474C-8FEB-B99FFB24C655}.Release|Any CPU.ActiveCfg = Release|Any CPU
		{0F08018C-FE1D-474C-8FEB-B99FFB24C655}.Release|Any CPU.Build.0 = Release|Any CPU
		{80E0EC65-F408-4A51-9C3A-82D5699296D4}.Debug|Any CPU.ActiveCfg = Debug|Any CPU
		{80E0EC65-F408-4A51-9C3A-82D5699296D4}.Debug|Any CPU.Build.0 = Debug|Any CPU
		{80E0EC65-F408-4A51-9C3A-82D5699296D4}.Release|Any CPU.ActiveCfg = Release|Any CPU
		{80E0EC65-F408-4A51-9C3A-82D5699296D4}.Release|Any CPU.Build.0 = Release|Any CPU
		{B150D7A7-98CB-4552-A58B-92CB68FD86C0}.Debug|Any CPU.ActiveCfg = Debug|Any CPU
		{B150D7A7-98CB-4552-A58B-92CB68FD86C0}.Debug|Any CPU.Build.0 = Debug|Any CPU
		{B150D7A7-98CB-4552-A58B-92CB68FD86C0}.Release|Any CPU.ActiveCfg = Release|Any CPU
		{B150D7A7-98CB-4552-A58B-92CB68FD86C0}.Release|Any CPU.Build.0 = Release|Any CPU
		{8D984DA4-4692-4F20-B8BE-B1A96418191E}.Debug|Any CPU.ActiveCfg = Debug|Any CPU
		{8D984DA4-4692-4F20-B8BE-B1A96418191E}.Debug|Any CPU.Build.0 = Debug|Any CPU
		{8D984DA4-4692-4F20-B8BE-B1A96418191E}.Release|Any CPU.ActiveCfg = Release|Any CPU
		{8D984DA4-4692-4F20-B8BE-B1A96418191E}.Release|Any CPU.Build.0 = Release|Any CPU
		{0ED994BE-E0A3-4E3A-B5C3-2D7CFF08C072}.Debug|Any CPU.ActiveCfg = Debug|Any CPU
		{0ED994BE-E0A3-4E3A-B5C3-2D7CFF08C072}.Debug|Any CPU.Build.0 = Debug|Any CPU
		{0ED994BE-E0A3-4E3A-B5C3-2D7CFF08C072}.Release|Any CPU.ActiveCfg = Release|Any CPU
		{0ED994BE-E0A3-4E3A-B5C3-2D7CFF08C072}.Release|Any CPU.Build.0 = Release|Any CPU
	EndGlobalSection
	GlobalSection(SolutionProperties) = preSolution
		HideSolutionNode = FALSE
	EndGlobalSection
	GlobalSection(NestedProjects) = preSolution
		{E95DC884-6E02-4C86-8A58-DDE9A634D79D} = {45299CE1-D69E-4B1C-9C3B-59F822590EEA}
		{A4C0685F-89DB-4174-97AB-718EA45A77C1} = {B203AD03-D45C-4763-8CFB-910FA3AA8ADD}
		{C7DE04B8-4014-47FC-8BA3-BCE5D183E69B} = {B203AD03-D45C-4763-8CFB-910FA3AA8ADD}
		{4384F607-A3CD-4D77-906E-6F142062CA9A} = {A4C0685F-89DB-4174-97AB-718EA45A77C1}
		{A56A795E-5681-4D0B-B358-CD630EF618D5} = {C7DE04B8-4014-47FC-8BA3-BCE5D183E69B}
		{0F08018C-FE1D-474C-8FEB-B99FFB24C655} = {C7DE04B8-4014-47FC-8BA3-BCE5D183E69B}
		{80E0EC65-F408-4A51-9C3A-82D5699296D4} = {C7DE04B8-4014-47FC-8BA3-BCE5D183E69B}
		{B150D7A7-98CB-4552-A58B-92CB68FD86C0} = {C7DE04B8-4014-47FC-8BA3-BCE5D183E69B}
		{8D984DA4-4692-4F20-B8BE-B1A96418191E} = {C7DE04B8-4014-47FC-8BA3-BCE5D183E69B}
		{0ED994BE-E0A3-4E3A-B5C3-2D7CFF08C072} = {C7DE04B8-4014-47FC-8BA3-BCE5D183E69B}
	EndGlobalSection
EndGlobal
